<?xml version="1.0" encoding="utf-8"?>
<Project ToolsVersion="4.0" xmlns="http://schemas.microsoft.com/developer/msbuild/2003">
  <ItemGroup>
    <Filter Include="Source Files">
      <UniqueIdentifier>{4FC737F1-C7A5-4376-A066-2A32D752A2FF}</UniqueIdentifier>
      <Extensions>cpp;c;cc;cxx;c++;cppm;ixx;def;odl;idl;hpj;bat;asm;asmx</Extensions>
    </Filter>
    <Filter Include="Header Files">
      <UniqueIdentifier>{93995380-89BD-4b04-88EB-625FBE52EBFB}</UniqueIdentifier>
      <Extensions>h;hh;hpp;hxx;h++;hm;inl;inc;ipp;xsd</Extensions>
    </Filter>
    <Filter Include="Resource Files">
      <UniqueIdentifier>{67DA6AB6-F800-4c08-8B7A-83BB121AAD01}</UniqueIdentifier>
      <Extensions>rc;ico;cur;bmp;dlg;rc2;rct;bin;rgs;gif;jpg;jpeg;jpe;resx;tiff;tif;png;wav;mfcribbon-ms</Extensions>
    </Filter>
  </ItemGroup>
  <ItemGroup>
    <ClCompile Include="Murshed_DESN3306.cpp">
      <Filter>Source Files</Filter>
    </ClCompile>
    <ClCompile Include="GLWindow.cpp">
      <Filter>Source Files</Filter>
    </ClCompile>
    <ClCompile Include="Cube.cpp">
      <Filter>Source Files</Filter>
    </ClCompile>
    <ClCompile Include="Shader.cpp">
      <Filter>Source Files</Filter>
    </ClCompile>
    <ClCompile Include="Test.cpp">
      <Filter>Source Files</Filter>
    </ClCompile>
    <ClCompile Include="RandomMode.cpp">
      <Filter>Source Files</Filter>
    </ClCompile>
    <ClCompile Include="Model2D.cpp">
      <Filter>Source Files</Filter>
    </ClCompile>
    <ClCompile Include="TetrahedronModel.cpp">
      <Filter>Source Files</Filter>
    </ClCompile>
    <ClCompile Include="Camera_Control.cpp">
      <Filter>Source Files</Filter>
    </ClCompile>
    <ClCompile Include="TextureMapping.cpp">
      <Filter>Source Files</Filter>
    </ClCompile>
    <ClCompile Include="Rectangle2D.cpp">
      <Filter>Source Files</Filter>
    </ClCompile>
    <ClCompile Include="Dice.cpp">
      <Filter>Source Files</Filter>
    </ClCompile>
    <ClCompile Include="ImportedModel.cpp">
      <Filter>Source Files</Filter>
    </ClCompile>
    <ClCompile Include="MeshModel.cpp">
      <Filter>Source Files</Filter>
    </ClCompile>
    <ClCompile Include="Light.cpp">
      <Filter>Source Files</Filter>
    </ClCompile>
    <ClCompile Include="MaterialProperty.cpp">
      <Filter>Source Files</Filter>
    </ClCompile>
    <ClCompile Include="DirectionalLight.cpp">
      <Filter>Source Files</Filter>
    </ClCompile>
    <ClCompile Include="PointLight.cpp">
      <Filter>Source Files</Filter>
    </ClCompile>
  </ItemGroup>
  <ItemGroup>
    <ClInclude Include="GLWindow.h">
      <Filter>Header Files</Filter>
    </ClInclude>
    <ClInclude Include="Cube.h">
      <Filter>Header Files</Filter>
    </ClInclude>
    <ClInclude Include="Shader.h">
      <Filter>Header Files</Filter>
    </ClInclude>
    <ClInclude Include="Test.h">
      <Filter>Header Files</Filter>
    </ClInclude>
    <ClInclude Include="RandomMode.h">
      <Filter>Header Files</Filter>
    </ClInclude>
    <ClInclude Include="Model2D.h">
      <Filter>Header Files</Filter>
    </ClInclude>
    <ClInclude Include="TetrahedronModel.h">
      <Filter>Header Files</Filter>
    </ClInclude>
    <ClInclude Include="Camera_Control.h">
      <Filter>Header Files</Filter>
    </ClInclude>
    <ClInclude Include="TextureMapping.h">
      <Filter>Header Files</Filter>
    </ClInclude>
    <ClInclude Include="stb_image.h">
      <Filter>Header Files</Filter>
    </ClInclude>
    <ClInclude Include="Rectangle2D.h">
      <Filter>Header Files</Filter>
    </ClInclude>
    <ClInclude Include="Dice.h">
      <Filter>Header Files</Filter>
    </ClInclude>
    <ClInclude Include="ImportedModel.h">
      <Filter>Header Files</Filter>
    </ClInclude>
    <ClInclude Include="MeshModel.h">
      <Filter>Header Files</Filter>
    </ClInclude>
    <ClInclude Include="Light.h">
      <Filter>Header Files</Filter>
    </ClInclude>
    <ClInclude Include="MaterialProperty.h">
      <Filter>Header Files</Filter>
    </ClInclude>
    <ClInclude Include="DirectionalLight.h">
      <Filter>Header Files</Filter>
    </ClInclude>
    <ClInclude Include="PointLight.h">
      <Filter>Header Files</Filter>
    </ClInclude>
  </ItemGroup>
  <ItemGroup>
    <Image Include="Textures\adf.jpg">
      <Filter>Resource Files</Filter>
    </Image>
    <Image Include="Textures\ai.jpg">
      <Filter>Resource Files</Filter>
    </Image>
    <Image Include="Textures\alt.jpg">
      <Filter>Resource Files</Filter>
    </Image>
    <Image Include="Textures\asi.jpg">
      <Filter>Resource Files</Filter>
    </Image>
    <Image Include="Textures\default-grey.jpg">
      <Filter>Resource Files</Filter>
    </Image>
    <Image Include="Textures\vsi.jpg">
      <Filter>Resource Files</Filter>
    </Image>
    <Image Include="Textures\texture.jpg">
      <Filter>Resource Files</Filter>
    </Image>
    <Image Include="Textures\Glass.jpg">
      <Filter>Resource Files</Filter>
    </Image>
    <Image Include="Textures\interior.jpg">
      <Filter>Resource Files</Filter>
    </Image>
    <Image Include="Textures\panel.jpg">
      <Filter>Resource Files</Filter>
    </Image>
    <Image Include="Textures\Stlamp1.jpg">
      <Filter>Resource Files</Filter>
    </Image>
    <Image Include="Textures\tmp.jpg">
      <Filter>Resource Files</Filter>
    </Image>
    <Image Include="Textures\wall.jpg">
      <Filter>Resource Files</Filter>
    </Image>
    <Image Include="Textures\Y0XGGL0904ADQEZJJPOX8NGZ5.jpg">
      <Filter>Resource Files</Filter>
    </Image>
  </ItemGroup>
  <ItemGroup>
    <Object Include="3DModels\aircraft.obj" />
  </ItemGroup>
  <ItemGroup>
    <None Include="3DModels\M7MF9IYOBPXDNI8AC5AGH3BMA.mtl" />
    <None Include="models\birdhead.dat" />
    <None Include="models\dino.dat" />
    <None Include="models\dinosaur.dat" />
    <None Include="models\dragon.dat" />
    <None Include="models\house.dat" />
    <None Include="models\knight.dat" />
    <None Include="models\rex.dat" />
    <None Include="models\scene.dat" />
    <None Include="models\usa.dat" />
    <None Include="models\vinci.dat" />
    <None Include="assimp-vc143-mtd.dll" />
    <None Include="glew32.dll" />
  </ItemGroup>
  <ItemGroup>
    <Text Include="Textures\PngLink.txt" />
    <Text Include="Shaders\fShader.txt" />
    <Text Include="Shaders\vShader.txt" />
  </ItemGroup>
</Project>